Microsoft Visual Studio Solution File, Format Version 12.00
# Visual Studio Version 17
VisualStudioVersion = 17.5.2.0
MinimumVisualStudioVersion = 10.0.40219.1
Project("{FAE04EC0-301F-11D3-BF4B-00C04F79EFBC}") = "Aula-3", "Aula-3.csproj", "{51124BE2-7491-2213-518F-9400306FF957}"
EndProject
Global
	GlobalSection(SolutionConfigurationPlatforms) = preSolution
		Debug|Any CPU = Debug|Any CPU
		Release|Any CPU = Release|Any CPU
	EndGlobalSection
	GlobalSection(ProjectConfigurationPlatforms) = postSolution
		{51124BE2-7491-2213-518F-9400306FF957}.Debug|Any CPU.ActiveCfg = Debug|Any CPU
		{51124BE2-7491-2213-518F-9400306FF957}.Debug|Any CPU.Build.0 = Debug|Any CPU
		{51124BE2-7491-2213-518F-9400306FF957}.Release|Any CPU.ActiveCfg = Release|Any CPU
		{51124BE2-7491-2213-518F-9400306FF957}.Release|Any CPU.Build.0 = Release|Any CPU
	EndGlobalSection
	GlobalSection(SolutionProperties) = preSolution
		HideSolutionNode = FALSE
	EndGlobalSection
	GlobalSection(ExtensibilityGlobals) = postSolution
		SolutionGuid = {D48784FE-BB57-45F6-A78A-A2A88F796BAC}
	EndGlobalSection
EndGlobal
